<?xml version="1.0" encoding="utf-8"?>
<Project ToolsVersion="17.0" xmlns="http://schemas.microsoft.com/developer/msbuild/2003">
  <ItemGroup>
    <CustomBuild Include="C:\Users\jonat\OneDrive\Documents\Programming_Files\C_Files\Practice\lpng\CMakeFiles\cd92d8ba531b9aab855a884468f707d2\pnglibconf.c.rule">
      <Filter>CMake Rules</Filter>
    </CustomBuild>
    <CustomBuild Include="C:\Users\jonat\OneDrive\Documents\Programming_Files\C_Files\Practice\lpng\CMakeFiles\cd92d8ba531b9aab855a884468f707d2\pnglibconf.out.rule">
      <Filter>CMake Rules</Filter>
    </CustomBuild>
    <CustomBuild Include="C:\Users\jonat\OneDrive\Documents\Programming_Files\C_Files\Practice\lpng\CMakeFiles\cd92d8ba531b9aab855a884468f707d2\pnglibconf.h.rule">
      <Filter>CMake Rules</Filter>
    </CustomBuild>
    <CustomBuild Include="C:\Users\jonat\OneDrive\Documents\Programming_Files\C_Files\Practice\lpng\CMakeFiles\0044d7f761ef9bdbaa5aa37a5e0d11f9\sym.out.rule">
      <Filter>CMake Rules</Filter>
    </CustomBuild>
    <CustomBuild Include="C:\Users\jonat\OneDrive\Documents\Programming_Files\C_Files\Practice\lpng\CMakeFiles\cd92d8ba531b9aab855a884468f707d2\libpng.sym.rule">
      <Filter>CMake Rules</Filter>
    </CustomBuild>
    <CustomBuild Include="C:\Users\jonat\OneDrive\Documents\Programming_Files\C_Files\Practice\lpng\CMakeFiles\0044d7f761ef9bdbaa5aa37a5e0d11f9\vers.out.rule">
      <Filter>CMake Rules</Filter>
    </CustomBuild>
    <CustomBuild Include="C:\Users\jonat\OneDrive\Documents\Programming_Files\C_Files\Practice\lpng\CMakeFiles\cd92d8ba531b9aab855a884468f707d2\libpng.vers.rule">
      <Filter>CMake Rules</Filter>
    </CustomBuild>
    <CustomBuild Include="C:\Users\jonat\OneDrive\Documents\Programming_Files\C_Files\Practice\lpng\CMakeFiles\cd92d8ba531b9aab855a884468f707d2\pngprefix.h.rule">
      <Filter>CMake Rules</Filter>
    </CustomBuild>
    <CustomBuild Include="C:\Users\jonat\OneDrive\Documents\Programming_Files\C_Files\Practice\lpng\CMakeFiles\0044d7f761ef9bdbaa5aa37a5e0d11f9\intprefix.out.rule">
      <Filter>CMake Rules</Filter>
    </CustomBuild>
    <CustomBuild Include="C:\Users\jonat\OneDrive\Documents\Programming_Files\C_Files\Practice\lpng\CMakeFiles\0044d7f761ef9bdbaa5aa37a5e0d11f9\pnglibconf.c.rule">
      <Filter>CMake Rules</Filter>
    </CustomBuild>
    <CustomBuild Include="C:\Users\jonat\OneDrive\Documents\Programming_Files\C_Files\Practice\lpng\CMakeFiles\0044d7f761ef9bdbaa5aa37a5e0d11f9\prefix.out.rule">
      <Filter>CMake Rules</Filter>
    </CustomBuild>
    <CustomBuild Include="C:\Users\jonat\OneDrive\Documents\Programming_Files\C_Files\Practice\lpng\CMakeFiles\0044d7f761ef9bdbaa5aa37a5e0d11f9\symbols.out.rule">
      <Filter>CMake Rules</Filter>
    </CustomBuild>
    <CustomBuild Include="C:\Users\jonat\OneDrive\Documents\Programming_Files\C_Files\Practice\lpng\CMakeFiles\0044d7f761ef9bdbaa5aa37a5e0d11f9\symbols.chk.rule">
      <Filter>CMake Rules</Filter>
    </CustomBuild>
    <CustomBuild Include="C:\Users\jonat\OneDrive\Documents\Programming_Files\C_Files\Practice\lpng\CMakeFiles\854e6c2c465f8c90aa95eac9085cc25c\genfiles.rule">
      <Filter>CMake Rules</Filter>
    </CustomBuild>
    <CustomBuild Include="C:\Users\jonat\OneDrive\Documents\Programming_Files\C_Files\Practice\lpng\CMakeLists.txt" />
  </ItemGroup>
  <ItemGroup>
    <None Include="C:\Users\jonat\OneDrive\Documents\Programming_Files\C_Files\Practice\lpng\CMakeFiles\genfiles" />
  </ItemGroup>
  <ItemGroup>
    <Filter Include="CMake Rules">
      <UniqueIdentifier>{9FE30738-D5C0-3DF8-A71F-0EABE237C79A}</UniqueIdentifier>
    </Filter>
  </ItemGroup>
</Project>
