
Microsoft Visual Studio Solution File, Format Version 12.00
# Visual Studio Version 17
Project("{8BC9CEB8-8B4A-11D0-8D11-00A0C91BC942}") = "ALL_BUILD", "ALL_BUILD.vcxproj", "{DA396641-DDCF-312F-B859-7A5387CDA533}"
	ProjectSection(ProjectDependencies) = postProject
		{F3BB0528-DDBD-3553-9CC4-AA4E3A735C46} = {F3BB0528-DDBD-3553-9CC4-AA4E3A735C46}
		{D32D2439-3DDB-3D36-9CD4-DE9B776422B1} = {D32D2439-3DDB-3D36-9CD4-DE9B776422B1}
		{9023C2D9-C9D8-3DA4-A374-8C4E7D034334} = {9023C2D9-C9D8-3DA4-A374-8C4E7D034334}
		{C11B4C09-1E00-34C3-B185-B06C964502A0} = {C11B4C09-1E00-34C3-B185-B06C964502A0}
		{34BFB53A-116E-349D-830E-BB8E53548B0F} = {34BFB53A-116E-349D-830E-BB8E53548B0F}
		{957D8F7B-DDA8-34F4-96F3-75482248ABA5} = {957D8F7B-DDA8-34F4-96F3-75482248ABA5}
		{C2FE9BE5-E985-33EF-828F-D7C4AF487801} = {C2FE9BE5-E985-33EF-828F-D7C4AF487801}
		{B310E45F-8842-313A-8E9A-5C16AF73AE3C} = {B310E45F-8842-313A-8E9A-5C16AF73AE3C}
		{6F944D84-1B85-30B8-9279-7A064BC23DFC} = {6F944D84-1B85-30B8-9279-7A064BC23DFC}
		{DF4D19D2-3D4D-328C-AEFA-323CE3946333} = {DF4D19D2-3D4D-328C-AEFA-323CE3946333}
	EndProjectSection
EndProject
Project("{8BC9CEB8-8B4A-11D0-8D11-00A0C91BC942}") = "INSTALL", "INSTALL.vcxproj", "{C7F262E9-0898-3864-AD01-07D27A8DF5D5}"
	ProjectSection(ProjectDependencies) = postProject
		{DA396641-DDCF-312F-B859-7A5387CDA533} = {DA396641-DDCF-312F-B859-7A5387CDA533}
		{F3BB0528-DDBD-3553-9CC4-AA4E3A735C46} = {F3BB0528-DDBD-3553-9CC4-AA4E3A735C46}
	EndProjectSection
EndProject
Project("{8BC9CEB8-8B4A-11D0-8D11-00A0C91BC942}") = "RUN_TESTS", "RUN_TESTS.vcxproj", "{1522C920-5B91-3853-B254-29DE1C4AEDBF}"
	ProjectSection(ProjectDependencies) = postProject
		{F3BB0528-DDBD-3553-9CC4-AA4E3A735C46} = {F3BB0528-DDBD-3553-9CC4-AA4E3A735C46}
	EndProjectSection
EndProject
Project("{8BC9CEB8-8B4A-11D0-8D11-00A0C91BC942}") = "ZERO_CHECK", "ZERO_CHECK.vcxproj", "{F3BB0528-DDBD-3553-9CC4-AA4E3A735C46}"
	ProjectSection(ProjectDependencies) = postProject
	EndProjectSection
EndProject
Project("{8BC9CEB8-8B4A-11D0-8D11-00A0C91BC942}") = "genfiles", "genfiles.vcxproj", "{B1FCBCAD-CBF0-3E8D-B81E-6F68D3A05B75}"
	ProjectSection(ProjectDependencies) = postProject
		{F3BB0528-DDBD-3553-9CC4-AA4E3A735C46} = {F3BB0528-DDBD-3553-9CC4-AA4E3A735C46}
	EndProjectSection
EndProject
Project("{8BC9CEB8-8B4A-11D0-8D11-00A0C91BC942}") = "genprebuilt", "genprebuilt.vcxproj", "{8CE1A491-4AD1-3D59-8639-6EEBCB1875F0}"
	ProjectSection(ProjectDependencies) = postProject
		{F3BB0528-DDBD-3553-9CC4-AA4E3A735C46} = {F3BB0528-DDBD-3553-9CC4-AA4E3A735C46}
	EndProjectSection
EndProject
Project("{8BC9CEB8-8B4A-11D0-8D11-00A0C91BC942}") = "gensym", "gensym.vcxproj", "{D0CFE89F-1E3E-38E5-898F-4154174DB96F}"
	ProjectSection(ProjectDependencies) = postProject
		{F3BB0528-DDBD-3553-9CC4-AA4E3A735C46} = {F3BB0528-DDBD-3553-9CC4-AA4E3A735C46}
	EndProjectSection
EndProject
Project("{8BC9CEB8-8B4A-11D0-8D11-00A0C91BC942}") = "genvers", "genvers.vcxproj", "{B4178AE8-1D88-3BB8-9FD5-617A307C07A5}"
	ProjectSection(ProjectDependencies) = postProject
		{F3BB0528-DDBD-3553-9CC4-AA4E3A735C46} = {F3BB0528-DDBD-3553-9CC4-AA4E3A735C46}
	EndProjectSection
EndProject
Project("{8BC9CEB8-8B4A-11D0-8D11-00A0C91BC942}") = "png", "png.vcxproj", "{D32D2439-3DDB-3D36-9CD4-DE9B776422B1}"
	ProjectSection(ProjectDependencies) = postProject
		{F3BB0528-DDBD-3553-9CC4-AA4E3A735C46} = {F3BB0528-DDBD-3553-9CC4-AA4E3A735C46}
		{B1FCBCAD-CBF0-3E8D-B81E-6F68D3A05B75} = {B1FCBCAD-CBF0-3E8D-B81E-6F68D3A05B75}
	EndProjectSection
EndProject
Project("{8BC9CEB8-8B4A-11D0-8D11-00A0C91BC942}") = "png-fix-itxt", "png-fix-itxt.vcxproj", "{9023C2D9-C9D8-3DA4-A374-8C4E7D034334}"
	ProjectSection(ProjectDependencies) = postProject
		{F3BB0528-DDBD-3553-9CC4-AA4E3A735C46} = {F3BB0528-DDBD-3553-9CC4-AA4E3A735C46}
	EndProjectSection
EndProject
Project("{8BC9CEB8-8B4A-11D0-8D11-00A0C91BC942}") = "png_static", "png_static.vcxproj", "{C11B4C09-1E00-34C3-B185-B06C964502A0}"
	ProjectSection(ProjectDependencies) = postProject
		{F3BB0528-DDBD-3553-9CC4-AA4E3A735C46} = {F3BB0528-DDBD-3553-9CC4-AA4E3A735C46}
		{B1FCBCAD-CBF0-3E8D-B81E-6F68D3A05B75} = {B1FCBCAD-CBF0-3E8D-B81E-6F68D3A05B75}
	EndProjectSection
EndProject
Project("{8BC9CEB8-8B4A-11D0-8D11-00A0C91BC942}") = "pngfix", "pngfix.vcxproj", "{34BFB53A-116E-349D-830E-BB8E53548B0F}"
	ProjectSection(ProjectDependencies) = postProject
		{F3BB0528-DDBD-3553-9CC4-AA4E3A735C46} = {F3BB0528-DDBD-3553-9CC4-AA4E3A735C46}
		{D32D2439-3DDB-3D36-9CD4-DE9B776422B1} = {D32D2439-3DDB-3D36-9CD4-DE9B776422B1}
	EndProjectSection
EndProject
Project("{8BC9CEB8-8B4A-11D0-8D11-00A0C91BC942}") = "pngimage", "pngimage.vcxproj", "{957D8F7B-DDA8-34F4-96F3-75482248ABA5}"
	ProjectSection(ProjectDependencies) = postProject
		{F3BB0528-DDBD-3553-9CC4-AA4E3A735C46} = {F3BB0528-DDBD-3553-9CC4-AA4E3A735C46}
		{D32D2439-3DDB-3D36-9CD4-DE9B776422B1} = {D32D2439-3DDB-3D36-9CD4-DE9B776422B1}
	EndProjectSection
EndProject
Project("{8BC9CEB8-8B4A-11D0-8D11-00A0C91BC942}") = "pngstest", "pngstest.vcxproj", "{C2FE9BE5-E985-33EF-828F-D7C4AF487801}"
	ProjectSection(ProjectDependencies) = postProject
		{F3BB0528-DDBD-3553-9CC4-AA4E3A735C46} = {F3BB0528-DDBD-3553-9CC4-AA4E3A735C46}
		{D32D2439-3DDB-3D36-9CD4-DE9B776422B1} = {D32D2439-3DDB-3D36-9CD4-DE9B776422B1}
	EndProjectSection
EndProject
Project("{8BC9CEB8-8B4A-11D0-8D11-00A0C91BC942}") = "pngtest", "pngtest.vcxproj", "{B310E45F-8842-313A-8E9A-5C16AF73AE3C}"
	ProjectSection(ProjectDependencies) = postProject
		{F3BB0528-DDBD-3553-9CC4-AA4E3A735C46} = {F3BB0528-DDBD-3553-9CC4-AA4E3A735C46}
		{D32D2439-3DDB-3D36-9CD4-DE9B776422B1} = {D32D2439-3DDB-3D36-9CD4-DE9B776422B1}
	EndProjectSection
EndProject
Project("{8BC9CEB8-8B4A-11D0-8D11-00A0C91BC942}") = "pngunknown", "pngunknown.vcxproj", "{6F944D84-1B85-30B8-9279-7A064BC23DFC}"
	ProjectSection(ProjectDependencies) = postProject
		{F3BB0528-DDBD-3553-9CC4-AA4E3A735C46} = {F3BB0528-DDBD-3553-9CC4-AA4E3A735C46}
		{D32D2439-3DDB-3D36-9CD4-DE9B776422B1} = {D32D2439-3DDB-3D36-9CD4-DE9B776422B1}
	EndProjectSection
EndProject
Project("{8BC9CEB8-8B4A-11D0-8D11-00A0C91BC942}") = "pngvalid", "pngvalid.vcxproj", "{DF4D19D2-3D4D-328C-AEFA-323CE3946333}"
	ProjectSection(ProjectDependencies) = postProject
		{F3BB0528-DDBD-3553-9CC4-AA4E3A735C46} = {F3BB0528-DDBD-3553-9CC4-AA4E3A735C46}
		{D32D2439-3DDB-3D36-9CD4-DE9B776422B1} = {D32D2439-3DDB-3D36-9CD4-DE9B776422B1}
	EndProjectSection
EndProject
Project("{8BC9CEB8-8B4A-11D0-8D11-00A0C91BC942}") = "symbol-check", "symbol-check.vcxproj", "{BE9A53CC-3ACD-3DCC-872B-F0AC9A3F6CCA}"
	ProjectSection(ProjectDependencies) = postProject
		{F3BB0528-DDBD-3553-9CC4-AA4E3A735C46} = {F3BB0528-DDBD-3553-9CC4-AA4E3A735C46}
	EndProjectSection
EndProject
Global
	GlobalSection(SolutionConfigurationPlatforms) = preSolution
		Debug|x64 = Debug|x64
		Release|x64 = Release|x64
		MinSizeRel|x64 = MinSizeRel|x64
		RelWithDebInfo|x64 = RelWithDebInfo|x64
	EndGlobalSection
	GlobalSection(ProjectConfigurationPlatforms) = postSolution
		{DA396641-DDCF-312F-B859-7A5387CDA533}.Debug|x64.ActiveCfg = Debug|x64
		{DA396641-DDCF-312F-B859-7A5387CDA533}.Debug|x64.Build.0 = Debug|x64
		{DA396641-DDCF-312F-B859-7A5387CDA533}.Release|x64.ActiveCfg = Release|x64
		{DA396641-DDCF-312F-B859-7A5387CDA533}.Release|x64.Build.0 = Release|x64
		{DA396641-DDCF-312F-B859-7A5387CDA533}.MinSizeRel|x64.ActiveCfg = MinSizeRel|x64
		{DA396641-DDCF-312F-B859-7A5387CDA533}.MinSizeRel|x64.Build.0 = MinSizeRel|x64
		{DA396641-DDCF-312F-B859-7A5387CDA533}.RelWithDebInfo|x64.ActiveCfg = RelWithDebInfo|x64
		{DA396641-DDCF-312F-B859-7A5387CDA533}.RelWithDebInfo|x64.Build.0 = RelWithDebInfo|x64
		{C7F262E9-0898-3864-AD01-07D27A8DF5D5}.Debug|x64.ActiveCfg = Debug|x64
		{C7F262E9-0898-3864-AD01-07D27A8DF5D5}.Release|x64.ActiveCfg = Release|x64
		{C7F262E9-0898-3864-AD01-07D27A8DF5D5}.MinSizeRel|x64.ActiveCfg = MinSizeRel|x64
		{C7F262E9-0898-3864-AD01-07D27A8DF5D5}.RelWithDebInfo|x64.ActiveCfg = RelWithDebInfo|x64
		{1522C920-5B91-3853-B254-29DE1C4AEDBF}.Debug|x64.ActiveCfg = Debug|x64
		{1522C920-5B91-3853-B254-29DE1C4AEDBF}.Release|x64.ActiveCfg = Release|x64
		{1522C920-5B91-3853-B254-29DE1C4AEDBF}.MinSizeRel|x64.ActiveCfg = MinSizeRel|x64
		{1522C920-5B91-3853-B254-29DE1C4AEDBF}.RelWithDebInfo|x64.ActiveCfg = RelWithDebInfo|x64
		{F3BB0528-DDBD-3553-9CC4-AA4E3A735C46}.Debug|x64.ActiveCfg = Debug|x64
		{F3BB0528-DDBD-3553-9CC4-AA4E3A735C46}.Debug|x64.Build.0 = Debug|x64
		{F3BB0528-DDBD-3553-9CC4-AA4E3A735C46}.Release|x64.ActiveCfg = Release|x64
		{F3BB0528-DDBD-3553-9CC4-AA4E3A735C46}.Release|x64.Build.0 = Release|x64
		{F3BB0528-DDBD-3553-9CC4-AA4E3A735C46}.MinSizeRel|x64.ActiveCfg = MinSizeRel|x64
		{F3BB0528-DDBD-3553-9CC4-AA4E3A735C46}.MinSizeRel|x64.Build.0 = MinSizeRel|x64
		{F3BB0528-DDBD-3553-9CC4-AA4E3A735C46}.RelWithDebInfo|x64.ActiveCfg = RelWithDebInfo|x64
		{F3BB0528-DDBD-3553-9CC4-AA4E3A735C46}.RelWithDebInfo|x64.Build.0 = RelWithDebInfo|x64
		{B1FCBCAD-CBF0-3E8D-B81E-6F68D3A05B75}.Debug|x64.ActiveCfg = Debug|x64
		{B1FCBCAD-CBF0-3E8D-B81E-6F68D3A05B75}.Debug|x64.Build.0 = Debug|x64
		{B1FCBCAD-CBF0-3E8D-B81E-6F68D3A05B75}.Release|x64.ActiveCfg = Release|x64
		{B1FCBCAD-CBF0-3E8D-B81E-6F68D3A05B75}.Release|x64.Build.0 = Release|x64
		{B1FCBCAD-CBF0-3E8D-B81E-6F68D3A05B75}.MinSizeRel|x64.ActiveCfg = MinSizeRel|x64
		{B1FCBCAD-CBF0-3E8D-B81E-6F68D3A05B75}.MinSizeRel|x64.Build.0 = MinSizeRel|x64
		{B1FCBCAD-CBF0-3E8D-B81E-6F68D3A05B75}.RelWithDebInfo|x64.ActiveCfg = RelWithDebInfo|x64
		{B1FCBCAD-CBF0-3E8D-B81E-6F68D3A05B75}.RelWithDebInfo|x64.Build.0 = RelWithDebInfo|x64
		{8CE1A491-4AD1-3D59-8639-6EEBCB1875F0}.Debug|x64.ActiveCfg = Debug|x64
		{8CE1A491-4AD1-3D59-8639-6EEBCB1875F0}.Release|x64.ActiveCfg = Release|x64
		{8CE1A491-4AD1-3D59-8639-6EEBCB1875F0}.MinSizeRel|x64.ActiveCfg = MinSizeRel|x64
		{8CE1A491-4AD1-3D59-8639-6EEBCB1875F0}.RelWithDebInfo|x64.ActiveCfg = RelWithDebInfo|x64
		{D0CFE89F-1E3E-38E5-898F-4154174DB96F}.Debug|x64.ActiveCfg = Debug|x64
		{D0CFE89F-1E3E-38E5-898F-4154174DB96F}.Release|x64.ActiveCfg = Release|x64
		{D0CFE89F-1E3E-38E5-898F-4154174DB96F}.MinSizeRel|x64.ActiveCfg = MinSizeRel|x64
		{D0CFE89F-1E3E-38E5-898F-4154174DB96F}.RelWithDebInfo|x64.ActiveCfg = RelWithDebInfo|x64
		{B4178AE8-1D88-3BB8-9FD5-617A307C07A5}.Debug|x64.ActiveCfg = Debug|x64
		{B4178AE8-1D88-3BB8-9FD5-617A307C07A5}.Release|x64.ActiveCfg = Release|x64
		{B4178AE8-1D88-3BB8-9FD5-617A307C07A5}.MinSizeRel|x64.ActiveCfg = MinSizeRel|x64
		{B4178AE8-1D88-3BB8-9FD5-617A307C07A5}.RelWithDebInfo|x64.ActiveCfg = RelWithDebInfo|x64
		{D32D2439-3DDB-3D36-9CD4-DE9B776422B1}.Debug|x64.ActiveCfg = Debug|x64
		{D32D2439-3DDB-3D36-9CD4-DE9B776422B1}.Debug|x64.Build.0 = Debug|x64
		{D32D2439-3DDB-3D36-9CD4-DE9B776422B1}.Release|x64.ActiveCfg = Release|x64
		{D32D2439-3DDB-3D36-9CD4-DE9B776422B1}.Release|x64.Build.0 = Release|x64
		{D32D2439-3DDB-3D36-9CD4-DE9B776422B1}.MinSizeRel|x64.ActiveCfg = MinSizeRel|x64
		{D32D2439-3DDB-3D36-9CD4-DE9B776422B1}.MinSizeRel|x64.Build.0 = MinSizeRel|x64
		{D32D2439-3DDB-3D36-9CD4-DE9B776422B1}.RelWithDebInfo|x64.ActiveCfg = RelWithDebInfo|x64
		{D32D2439-3DDB-3D36-9CD4-DE9B776422B1}.RelWithDebInfo|x64.Build.0 = RelWithDebInfo|x64
		{9023C2D9-C9D8-3DA4-A374-8C4E7D034334}.Debug|x64.ActiveCfg = Debug|x64
		{9023C2D9-C9D8-3DA4-A374-8C4E7D034334}.Debug|x64.Build.0 = Debug|x64
		{9023C2D9-C9D8-3DA4-A374-8C4E7D034334}.Release|x64.ActiveCfg = Release|x64
		{9023C2D9-C9D8-3DA4-A374-8C4E7D034334}.Release|x64.Build.0 = Release|x64
		{9023C2D9-C9D8-3DA4-A374-8C4E7D034334}.MinSizeRel|x64.ActiveCfg = MinSizeRel|x64
		{9023C2D9-C9D8-3DA4-A374-8C4E7D034334}.MinSizeRel|x64.Build.0 = MinSizeRel|x64
		{9023C2D9-C9D8-3DA4-A374-8C4E7D034334}.RelWithDebInfo|x64.ActiveCfg = RelWithDebInfo|x64
		{9023C2D9-C9D8-3DA4-A374-8C4E7D034334}.RelWithDebInfo|x64.Build.0 = RelWithDebInfo|x64
		{C11B4C09-1E00-34C3-B185-B06C964502A0}.Debug|x64.ActiveCfg = Debug|x64
		{C11B4C09-1E00-34C3-B185-B06C964502A0}.Debug|x64.Build.0 = Debug|x64
		{C11B4C09-1E00-34C3-B185-B06C964502A0}.Release|x64.ActiveCfg = Release|x64
		{C11B4C09-1E00-34C3-B185-B06C964502A0}.Release|x64.Build.0 = Release|x64
		{C11B4C09-1E00-34C3-B185-B06C964502A0}.MinSizeRel|x64.ActiveCfg = MinSizeRel|x64
		{C11B4C09-1E00-34C3-B185-B06C964502A0}.MinSizeRel|x64.Build.0 = MinSizeRel|x64
		{C11B4C09-1E00-34C3-B185-B06C964502A0}.RelWithDebInfo|x64.ActiveCfg = RelWithDebInfo|x64
		{C11B4C09-1E00-34C3-B185-B06C964502A0}.RelWithDebInfo|x64.Build.0 = RelWithDebInfo|x64
		{34BFB53A-116E-349D-830E-BB8E53548B0F}.Debug|x64.ActiveCfg = Debug|x64
		{34BFB53A-116E-349D-830E-BB8E53548B0F}.Debug|x64.Build.0 = Debug|x64
		{34BFB53A-116E-349D-830E-BB8E53548B0F}.Release|x64.ActiveCfg = Release|x64
		{34BFB53A-116E-349D-830E-BB8E53548B0F}.Release|x64.Build.0 = Release|x64
		{34BFB53A-116E-349D-830E-BB8E53548B0F}.MinSizeRel|x64.ActiveCfg = MinSizeRel|x64
		{34BFB53A-116E-349D-830E-BB8E53548B0F}.MinSizeRel|x64.Build.0 = MinSizeRel|x64
		{34BFB53A-116E-349D-830E-BB8E53548B0F}.RelWithDebInfo|x64.ActiveCfg = RelWithDebInfo|x64
		{34BFB53A-116E-349D-830E-BB8E53548B0F}.RelWithDebInfo|x64.Build.0 = RelWithDebInfo|x64
		{957D8F7B-DDA8-34F4-96F3-75482248ABA5}.Debug|x64.ActiveCfg = Debug|x64
		{957D8F7B-DDA8-34F4-96F3-75482248ABA5}.Debug|x64.Build.0 = Debug|x64
		{957D8F7B-DDA8-34F4-96F3-75482248ABA5}.Release|x64.ActiveCfg = Release|x64
		{957D8F7B-DDA8-34F4-96F3-75482248ABA5}.Release|x64.Build.0 = Release|x64
		{957D8F7B-DDA8-34F4-96F3-75482248ABA5}.MinSizeRel|x64.ActiveCfg = MinSizeRel|x64
		{957D8F7B-DDA8-34F4-96F3-75482248ABA5}.MinSizeRel|x64.Build.0 = MinSizeRel|x64
		{957D8F7B-DDA8-34F4-96F3-75482248ABA5}.RelWithDebInfo|x64.ActiveCfg = RelWithDebInfo|x64
		{957D8F7B-DDA8-34F4-96F3-75482248ABA5}.RelWithDebInfo|x64.Build.0 = RelWithDebInfo|x64
		{C2FE9BE5-E985-33EF-828F-D7C4AF487801}.Debug|x64.ActiveCfg = Debug|x64
		{C2FE9BE5-E985-33EF-828F-D7C4AF487801}.Debug|x64.Build.0 = Debug|x64
		{C2FE9BE5-E985-33EF-828F-D7C4AF487801}.Release|x64.ActiveCfg = Release|x64
		{C2FE9BE5-E985-33EF-828F-D7C4AF487801}.Release|x64.Build.0 = Release|x64
		{C2FE9BE5-E985-33EF-828F-D7C4AF487801}.MinSizeRel|x64.ActiveCfg = MinSizeRel|x64
		{C2FE9BE5-E985-33EF-828F-D7C4AF487801}.MinSizeRel|x64.Build.0 = MinSizeRel|x64
		{C2FE9BE5-E985-33EF-828F-D7C4AF487801}.RelWithDebInfo|x64.ActiveCfg = RelWithDebInfo|x64
		{C2FE9BE5-E985-33EF-828F-D7C4AF487801}.RelWithDebInfo|x64.Build.0 = RelWithDebInfo|x64
		{B310E45F-8842-313A-8E9A-5C16AF73AE3C}.Debug|x64.ActiveCfg = Debug|x64
		{B310E45F-8842-313A-8E9A-5C16AF73AE3C}.Debug|x64.Build.0 = Debug|x64
		{B310E45F-8842-313A-8E9A-5C16AF73AE3C}.Release|x64.ActiveCfg = Release|x64
		{B310E45F-8842-313A-8E9A-5C16AF73AE3C}.Release|x64.Build.0 = Release|x64
		{B310E45F-8842-313A-8E9A-5C16AF73AE3C}.MinSizeRel|x64.ActiveCfg = MinSizeRel|x64
		{B310E45F-8842-313A-8E9A-5C16AF73AE3C}.MinSizeRel|x64.Build.0 = MinSizeRel|x64
		{B310E45F-8842-313A-8E9A-5C16AF73AE3C}.RelWithDebInfo|x64.ActiveCfg = RelWithDebInfo|x64
		{B310E45F-8842-313A-8E9A-5C16AF73AE3C}.RelWithDebInfo|x64.Build.0 = RelWithDebInfo|x64
		{6F944D84-1B85-30B8-9279-7A064BC23DFC}.Debug|x64.ActiveCfg = Debug|x64
		{6F944D84-1B85-30B8-9279-7A064BC23DFC}.Debug|x64.Build.0 = Debug|x64
		{6F944D84-1B85-30B8-9279-7A064BC23DFC}.Release|x64.ActiveCfg = Release|x64
		{6F944D84-1B85-30B8-9279-7A064BC23DFC}.Release|x64.Build.0 = Release|x64
		{6F944D84-1B85-30B8-9279-7A064BC23DFC}.MinSizeRel|x64.ActiveCfg = MinSizeRel|x64
		{6F944D84-1B85-30B8-9279-7A064BC23DFC}.MinSizeRel|x64.Build.0 = MinSizeRel|x64
		{6F944D84-1B85-30B8-9279-7A064BC23DFC}.RelWithDebInfo|x64.ActiveCfg = RelWithDebInfo|x64
		{6F944D84-1B85-30B8-9279-7A064BC23DFC}.RelWithDebInfo|x64.Build.0 = RelWithDebInfo|x64
		{DF4D19D2-3D4D-328C-AEFA-323CE3946333}.Debug|x64.ActiveCfg = Debug|x64
		{DF4D19D2-3D4D-328C-AEFA-323CE3946333}.Debug|x64.Build.0 = Debug|x64
		{DF4D19D2-3D4D-328C-AEFA-323CE3946333}.Release|x64.ActiveCfg = Release|x64
		{DF4D19D2-3D4D-328C-AEFA-323CE3946333}.Release|x64.Build.0 = Release|x64
		{DF4D19D2-3D4D-328C-AEFA-323CE3946333}.MinSizeRel|x64.ActiveCfg = MinSizeRel|x64
		{DF4D19D2-3D4D-328C-AEFA-323CE3946333}.MinSizeRel|x64.Build.0 = MinSizeRel|x64
		{DF4D19D2-3D4D-328C-AEFA-323CE3946333}.RelWithDebInfo|x64.ActiveCfg = RelWithDebInfo|x64
		{DF4D19D2-3D4D-328C-AEFA-323CE3946333}.RelWithDebInfo|x64.Build.0 = RelWithDebInfo|x64
		{BE9A53CC-3ACD-3DCC-872B-F0AC9A3F6CCA}.Debug|x64.ActiveCfg = Debug|x64
		{BE9A53CC-3ACD-3DCC-872B-F0AC9A3F6CCA}.Release|x64.ActiveCfg = Release|x64
		{BE9A53CC-3ACD-3DCC-872B-F0AC9A3F6CCA}.MinSizeRel|x64.ActiveCfg = MinSizeRel|x64
		{BE9A53CC-3ACD-3DCC-872B-F0AC9A3F6CCA}.RelWithDebInfo|x64.ActiveCfg = RelWithDebInfo|x64
	EndGlobalSection
	GlobalSection(ExtensibilityGlobals) = postSolution
		SolutionGuid = {897E3567-0928-3557-8802-CCE47B77AF62}
	EndGlobalSection
	GlobalSection(ExtensibilityAddIns) = postSolution
	EndGlobalSection
EndGlobal
