
Microsoft Visual Studio Solution File, Format Version 12.00
# Visual Studio Version 17
Project("{8BC9CEB8-8B4A-11D0-8D11-00A0C91BC942}") = "ALL_BUILD", "ALL_BUILD.vcxproj", "{F52F0081-A35F-3283-9099-3CC1C466F19A}"
	ProjectSection(ProjectDependencies) = postProject
		{B3EBE00F-FD80-30F4-874E-29686792FC64} = {B3EBE00F-FD80-30F4-874E-29686792FC64}
		{E4CBE252-5DF0-3240-B960-97123F5B8E6E} = {E4CBE252-5DF0-3240-B960-97123F5B8E6E}
		{2DC1E29E-86F0-3946-B551-B64872CCD68D} = {2DC1E29E-86F0-3946-B551-B64872CCD68D}
		{B065C3FF-CF8E-3E77-B19D-23148D3F8A60} = {B065C3FF-CF8E-3E77-B19D-23148D3F8A60}
		{5DA382AF-2D29-3377-B1C5-4E3706D6B7A4} = {5DA382AF-2D29-3377-B1C5-4E3706D6B7A4}
	EndProjectSection
EndProject
Project("{8BC9CEB8-8B4A-11D0-8D11-00A0C91BC942}") = "INSTALL", "INSTALL.vcxproj", "{0A74400F-BB98-31EA-A33E-44E46B5F9303}"
	ProjectSection(ProjectDependencies) = postProject
		{F52F0081-A35F-3283-9099-3CC1C466F19A} = {F52F0081-A35F-3283-9099-3CC1C466F19A}
		{B3EBE00F-FD80-30F4-874E-29686792FC64} = {B3EBE00F-FD80-30F4-874E-29686792FC64}
	EndProjectSection
EndProject
Project("{8BC9CEB8-8B4A-11D0-8D11-00A0C91BC942}") = "RUN_TESTS", "RUN_TESTS.vcxproj", "{DCAA1D26-360B-32DF-88E2-DCBE4D6AE470}"
	ProjectSection(ProjectDependencies) = postProject
		{B3EBE00F-FD80-30F4-874E-29686792FC64} = {B3EBE00F-FD80-30F4-874E-29686792FC64}
	EndProjectSection
EndProject
Project("{8BC9CEB8-8B4A-11D0-8D11-00A0C91BC942}") = "ZERO_CHECK", "ZERO_CHECK.vcxproj", "{B3EBE00F-FD80-30F4-874E-29686792FC64}"
	ProjectSection(ProjectDependencies) = postProject
	EndProjectSection
EndProject
Project("{8BC9CEB8-8B4A-11D0-8D11-00A0C91BC942}") = "example", "example.vcxproj", "{E4CBE252-5DF0-3240-B960-97123F5B8E6E}"
	ProjectSection(ProjectDependencies) = postProject
		{B3EBE00F-FD80-30F4-874E-29686792FC64} = {B3EBE00F-FD80-30F4-874E-29686792FC64}
		{B065C3FF-CF8E-3E77-B19D-23148D3F8A60} = {B065C3FF-CF8E-3E77-B19D-23148D3F8A60}
	EndProjectSection
EndProject
Project("{8BC9CEB8-8B4A-11D0-8D11-00A0C91BC942}") = "minigzip", "minigzip.vcxproj", "{2DC1E29E-86F0-3946-B551-B64872CCD68D}"
	ProjectSection(ProjectDependencies) = postProject
		{B3EBE00F-FD80-30F4-874E-29686792FC64} = {B3EBE00F-FD80-30F4-874E-29686792FC64}
		{B065C3FF-CF8E-3E77-B19D-23148D3F8A60} = {B065C3FF-CF8E-3E77-B19D-23148D3F8A60}
	EndProjectSection
EndProject
Project("{8BC9CEB8-8B4A-11D0-8D11-00A0C91BC942}") = "zlib", "zlib.vcxproj", "{B065C3FF-CF8E-3E77-B19D-23148D3F8A60}"
	ProjectSection(ProjectDependencies) = postProject
		{B3EBE00F-FD80-30F4-874E-29686792FC64} = {B3EBE00F-FD80-30F4-874E-29686792FC64}
	EndProjectSection
EndProject
Project("{8BC9CEB8-8B4A-11D0-8D11-00A0C91BC942}") = "zlibstatic", "zlibstatic.vcxproj", "{5DA382AF-2D29-3377-B1C5-4E3706D6B7A4}"
	ProjectSection(ProjectDependencies) = postProject
		{B3EBE00F-FD80-30F4-874E-29686792FC64} = {B3EBE00F-FD80-30F4-874E-29686792FC64}
	EndProjectSection
EndProject
Global
	GlobalSection(SolutionConfigurationPlatforms) = preSolution
		Debug|x64 = Debug|x64
		Release|x64 = Release|x64
		MinSizeRel|x64 = MinSizeRel|x64
		RelWithDebInfo|x64 = RelWithDebInfo|x64
	EndGlobalSection
	GlobalSection(ProjectConfigurationPlatforms) = postSolution
		{F52F0081-A35F-3283-9099-3CC1C466F19A}.Debug|x64.ActiveCfg = Debug|x64
		{F52F0081-A35F-3283-9099-3CC1C466F19A}.Debug|x64.Build.0 = Debug|x64
		{F52F0081-A35F-3283-9099-3CC1C466F19A}.Release|x64.ActiveCfg = Release|x64
		{F52F0081-A35F-3283-9099-3CC1C466F19A}.Release|x64.Build.0 = Release|x64
		{F52F0081-A35F-3283-9099-3CC1C466F19A}.MinSizeRel|x64.ActiveCfg = MinSizeRel|x64
		{F52F0081-A35F-3283-9099-3CC1C466F19A}.MinSizeRel|x64.Build.0 = MinSizeRel|x64
		{F52F0081-A35F-3283-9099-3CC1C466F19A}.RelWithDebInfo|x64.ActiveCfg = RelWithDebInfo|x64
		{F52F0081-A35F-3283-9099-3CC1C466F19A}.RelWithDebInfo|x64.Build.0 = RelWithDebInfo|x64
		{0A74400F-BB98-31EA-A33E-44E46B5F9303}.Debug|x64.ActiveCfg = Debug|x64
		{0A74400F-BB98-31EA-A33E-44E46B5F9303}.Release|x64.ActiveCfg = Release|x64
		{0A74400F-BB98-31EA-A33E-44E46B5F9303}.MinSizeRel|x64.ActiveCfg = MinSizeRel|x64
		{0A74400F-BB98-31EA-A33E-44E46B5F9303}.RelWithDebInfo|x64.ActiveCfg = RelWithDebInfo|x64
		{DCAA1D26-360B-32DF-88E2-DCBE4D6AE470}.Debug|x64.ActiveCfg = Debug|x64
		{DCAA1D26-360B-32DF-88E2-DCBE4D6AE470}.Release|x64.ActiveCfg = Release|x64
		{DCAA1D26-360B-32DF-88E2-DCBE4D6AE470}.MinSizeRel|x64.ActiveCfg = MinSizeRel|x64
		{DCAA1D26-360B-32DF-88E2-DCBE4D6AE470}.RelWithDebInfo|x64.ActiveCfg = RelWithDebInfo|x64
		{B3EBE00F-FD80-30F4-874E-29686792FC64}.Debug|x64.ActiveCfg = Debug|x64
		{B3EBE00F-FD80-30F4-874E-29686792FC64}.Debug|x64.Build.0 = Debug|x64
		{B3EBE00F-FD80-30F4-874E-29686792FC64}.Release|x64.ActiveCfg = Release|x64
		{B3EBE00F-FD80-30F4-874E-29686792FC64}.Release|x64.Build.0 = Release|x64
		{B3EBE00F-FD80-30F4-874E-29686792FC64}.MinSizeRel|x64.ActiveCfg = MinSizeRel|x64
		{B3EBE00F-FD80-30F4-874E-29686792FC64}.MinSizeRel|x64.Build.0 = MinSizeRel|x64
		{B3EBE00F-FD80-30F4-874E-29686792FC64}.RelWithDebInfo|x64.ActiveCfg = RelWithDebInfo|x64
		{B3EBE00F-FD80-30F4-874E-29686792FC64}.RelWithDebInfo|x64.Build.0 = RelWithDebInfo|x64
		{E4CBE252-5DF0-3240-B960-97123F5B8E6E}.Debug|x64.ActiveCfg = Debug|x64
		{E4CBE252-5DF0-3240-B960-97123F5B8E6E}.Debug|x64.Build.0 = Debug|x64
		{E4CBE252-5DF0-3240-B960-97123F5B8E6E}.Release|x64.ActiveCfg = Release|x64
		{E4CBE252-5DF0-3240-B960-97123F5B8E6E}.Release|x64.Build.0 = Release|x64
		{E4CBE252-5DF0-3240-B960-97123F5B8E6E}.MinSizeRel|x64.ActiveCfg = MinSizeRel|x64
		{E4CBE252-5DF0-3240-B960-97123F5B8E6E}.MinSizeRel|x64.Build.0 = MinSizeRel|x64
		{E4CBE252-5DF0-3240-B960-97123F5B8E6E}.RelWithDebInfo|x64.ActiveCfg = RelWithDebInfo|x64
		{E4CBE252-5DF0-3240-B960-97123F5B8E6E}.RelWithDebInfo|x64.Build.0 = RelWithDebInfo|x64
		{2DC1E29E-86F0-3946-B551-B64872CCD68D}.Debug|x64.ActiveCfg = Debug|x64
		{2DC1E29E-86F0-3946-B551-B64872CCD68D}.Debug|x64.Build.0 = Debug|x64
		{2DC1E29E-86F0-3946-B551-B64872CCD68D}.Release|x64.ActiveCfg = Release|x64
		{2DC1E29E-86F0-3946-B551-B64872CCD68D}.Release|x64.Build.0 = Release|x64
		{2DC1E29E-86F0-3946-B551-B64872CCD68D}.MinSizeRel|x64.ActiveCfg = MinSizeRel|x64
		{2DC1E29E-86F0-3946-B551-B64872CCD68D}.MinSizeRel|x64.Build.0 = MinSizeRel|x64
		{2DC1E29E-86F0-3946-B551-B64872CCD68D}.RelWithDebInfo|x64.ActiveCfg = RelWithDebInfo|x64
		{2DC1E29E-86F0-3946-B551-B64872CCD68D}.RelWithDebInfo|x64.Build.0 = RelWithDebInfo|x64
		{B065C3FF-CF8E-3E77-B19D-23148D3F8A60}.Debug|x64.ActiveCfg = Debug|x64
		{B065C3FF-CF8E-3E77-B19D-23148D3F8A60}.Debug|x64.Build.0 = Debug|x64
		{B065C3FF-CF8E-3E77-B19D-23148D3F8A60}.Release|x64.ActiveCfg = Release|x64
		{B065C3FF-CF8E-3E77-B19D-23148D3F8A60}.Release|x64.Build.0 = Release|x64
		{B065C3FF-CF8E-3E77-B19D-23148D3F8A60}.MinSizeRel|x64.ActiveCfg = MinSizeRel|x64
		{B065C3FF-CF8E-3E77-B19D-23148D3F8A60}.MinSizeRel|x64.Build.0 = MinSizeRel|x64
		{B065C3FF-CF8E-3E77-B19D-23148D3F8A60}.RelWithDebInfo|x64.ActiveCfg = RelWithDebInfo|x64
		{B065C3FF-CF8E-3E77-B19D-23148D3F8A60}.RelWithDebInfo|x64.Build.0 = RelWithDebInfo|x64
		{5DA382AF-2D29-3377-B1C5-4E3706D6B7A4}.Debug|x64.ActiveCfg = Debug|x64
		{5DA382AF-2D29-3377-B1C5-4E3706D6B7A4}.Debug|x64.Build.0 = Debug|x64
		{5DA382AF-2D29-3377-B1C5-4E3706D6B7A4}.Release|x64.ActiveCfg = Release|x64
		{5DA382AF-2D29-3377-B1C5-4E3706D6B7A4}.Release|x64.Build.0 = Release|x64
		{5DA382AF-2D29-3377-B1C5-4E3706D6B7A4}.MinSizeRel|x64.ActiveCfg = MinSizeRel|x64
		{5DA382AF-2D29-3377-B1C5-4E3706D6B7A4}.MinSizeRel|x64.Build.0 = MinSizeRel|x64
		{5DA382AF-2D29-3377-B1C5-4E3706D6B7A4}.RelWithDebInfo|x64.ActiveCfg = RelWithDebInfo|x64
		{5DA382AF-2D29-3377-B1C5-4E3706D6B7A4}.RelWithDebInfo|x64.Build.0 = RelWithDebInfo|x64
	EndGlobalSection
	GlobalSection(ExtensibilityGlobals) = postSolution
		SolutionGuid = {764BB4B4-3CA0-34A1-9BD9-1DD5CF35D96C}
	EndGlobalSection
	GlobalSection(ExtensibilityAddIns) = postSolution
	EndGlobalSection
EndGlobal
